
Microsoft Visual Studio Solution File, Format Version 12.00
# Visual Studio 15
VisualStudioVersion = 15.0.28307.421
MinimumVisualStudioVersion = 10.0.40219.1
Project("{8BC9CEB8-8B4A-11D0-8D11-00A0C91BC942}") = "inefficient", "inefficient\inefficient.vcxproj", "{7B87E00B-85D9-41FB-A900-BD4D3107273D}"
EndProject
Global
	GlobalSection(SolutionConfigurationPlatforms) = preSolution
		Debug|x64 = Debug|x64
		Debug|x86 = Debug|x86
		Release|x64 = Release|x64
		Release|x86 = Release|x86
	EndGlobalSection
	GlobalSection(ProjectConfigurationPlatforms) = postSolution
		{7B87E00B-85D9-41FB-A900-BD4D3107273D}.Debug|x64.ActiveCfg = Debug|x64
		{7B87E00B-85D9-41FB-A900-BD4D3107273D}.Debug|x64.Build.0 = Debug|x64
		{7B87E00B-85D9-41FB-A900-BD4D3107273D}.Debug|x86.ActiveCfg = Debug|Win32
		{7B87E00B-85D9-41FB-A900-BD4D3107273D}.Debug|x86.Build.0 = Debug|Win32
		{7B87E00B-85D9-41FB-A900-BD4D3107273D}.Release|x64.ActiveCfg = Release|x64
		{7B87E00B-85D9-41FB-A900-BD4D3107273D}.Release|x64.Build.0 = Release|x64
		{7B87E00B-85D9-41FB-A900-BD4D3107273D}.Release|x86.ActiveCfg = Release|Win32
		{7B87E00B-85D9-41FB-A900-BD4D3107273D}.Release|x86.Build.0 = Release|Win32
	EndGlobalSection
	GlobalSection(SolutionProperties) = preSolution
		HideSolutionNode = FALSE
	EndGlobalSection
	GlobalSection(ExtensibilityGlobals) = postSolution
		SolutionGuid = {995E3514-6E87-4B18-AD6D-28293DED614E}
	EndGlobalSection
EndGlobal
